// !$*UTF8*$!
{
	archiveVersion = 1;
	classes = {
	};
	objectVersion = 55;
	objects = {

/* Begin PBXBuildFile section */
		3E710D842854C5ED00283621 /* AppDelegate.swift in Sources */ = {isa = PBXBuildFile; fileRef = 3E710D832854C5ED00283621 /* AppDelegate.swift */; };
		3E710D8B2854C5ED00283621 /* Main.storyboard in Resources */ = {isa = PBXBuildFile; fileRef = 3E710D892854C5ED00283621 /* Main.storyboard */; };
		3E710D8D2854C5ED00283621 /* Assets.xcassets in Resources */ = {isa = PBXBuildFile; fileRef = 3E710D8C2854C5ED00283621 /* Assets.xcassets */; };
		3E710D902854C5ED00283621 /* LaunchScreen.storyboard in Resources */ = {isa = PBXBuildFile; fileRef = 3E710D8E2854C5ED00283621 /* LaunchScreen.storyboard */; };
		3E710D982854C64B00283621 /* HandshakeViewController.swift in Sources */ = {isa = PBXBuildFile; fileRef = 3E710D972854C64B00283621 /* HandshakeViewController.swift */; };
		3E710D9A2854C68900283621 /* DetailViewController.swift in Sources */ = {isa = PBXBuildFile; fileRef = 3E710D992854C68900283621 /* DetailViewController.swift */; };
		3E710D9D2854C70000283621 /* WalletConnectSwift in Frameworks */ = {isa = PBXBuildFile; productRef = 3E710D9C2854C70000283621 /* WalletConnectSwift */; };
		3E710D9F2854C72F00283621 /* WalletConnect.swift in Sources */ = {isa = PBXBuildFile; fileRef = 3E710D9E2854C72F00283621 /* WalletConnect.swift */; };
		3E710DA12854C76000283621 /* MainViewController.swift in Sources */ = {isa = PBXBuildFile; fileRef = 3E710DA02854C76000283621 /* MainViewController.swift */; };
/* End PBXBuildFile section */

/* Begin PBXFileReference section */
		3E710D802854C5ED00283621 /* w3vent.app */ = {isa = PBXFileReference; explicitFileType = wrapper.application; includeInIndex = 0; path = w3vent.app; sourceTree = BUILT_PRODUCTS_DIR; };
		3E710D832854C5ED00283621 /* AppDelegate.swift */ = {isa = PBXFileReference; lastKnownFileType = sourcecode.swift; path = AppDelegate.swift; sourceTree = "<group>"; };
		3E710D8A2854C5ED00283621 /* Base */ = {isa = PBXFileReference; lastKnownFileType = file.storyboard; name = Base; path = Base.lproj/Main.storyboard; sourceTree = "<group>"; };
		3E710D8C2854C5ED00283621 /* Assets.xcassets */ = {isa = PBXFileReference; lastKnownFileType = folder.assetcatalog; path = Assets.xcassets; sourceTree = "<group>"; };
		3E710D8F2854C5ED00283621 /* Base */ = {isa = PBXFileReference; lastKnownFileType = file.storyboard; name = Base; path = Base.lproj/LaunchScreen.storyboard; sourceTree = "<group>"; };
		3E710D912854C5ED00283621 /* Info.plist */ = {isa = PBXFileReference; lastKnownFileType = text.plist.xml; path = Info.plist; sourceTree = "<group>"; };
		3E710D972854C64B00283621 /* HandshakeViewController.swift */ = {isa = PBXFileReference; fileEncoding = 4; lastKnownFileType = sourcecode.swift; path = HandshakeViewController.swift; sourceTree = "<group>"; };
		3E710D992854C68900283621 /* DetailViewController.swift */ = {isa = PBXFileReference; lastKnownFileType = sourcecode.swift; path = DetailViewController.swift; sourceTree = "<group>"; };
		3E710D9E2854C72F00283621 /* WalletConnect.swift */ = {isa = PBXFileReference; fileEncoding = 4; lastKnownFileType = sourcecode.swift; path = WalletConnect.swift; sourceTree = "<group>"; };
		3E710DA02854C76000283621 /* MainViewController.swift */ = {isa = PBXFileReference; fileEncoding = 4; lastKnownFileType = sourcecode.swift; path = MainViewController.swift; sourceTree = "<group>"; };
/* End PBXFileReference section */

/* Begin PBXFrameworksBuildPhase section */
		3E710D7D2854C5ED00283621 /* Frameworks */ = {
			isa = PBXFrameworksBuildPhase;
			buildActionMask = 2147483647;
			files = (
				3E710D9D2854C70000283621 /* WalletConnectSwift in Frameworks */,
			);
			runOnlyForDeploymentPostprocessing = 0;
		};
/* End PBXFrameworksBuildPhase section */

/* Begin PBXGroup section */
		3E710D772854C5ED00283621 = {
			isa = PBXGroup;
			children = (
				3E710D822854C5ED00283621 /* w3vent */,
				3E710D812854C5ED00283621 /* Products */,
			);
			sourceTree = "<group>";
		};
		3E710D812854C5ED00283621 /* Products */ = {
			isa = PBXGroup;
			children = (
				3E710D802854C5ED00283621 /* w3vent.app */,
			);
			name = Products;
			sourceTree = "<group>";
		};
		3E710D822854C5ED00283621 /* w3vent */ = {
			isa = PBXGroup;
			children = (
				3E710D832854C5ED00283621 /* AppDelegate.swift */,
				3E710D972854C64B00283621 /* HandshakeViewController.swift */,
				3E710DA02854C76000283621 /* MainViewController.swift */,
				3E710D9E2854C72F00283621 /* WalletConnect.swift */,
				3E710D992854C68900283621 /* DetailViewController.swift */,
				3E710D892854C5ED00283621 /* Main.storyboard */,
				3E710D8C2854C5ED00283621 /* Assets.xcassets */,
				3E710D8E2854C5ED00283621 /* LaunchScreen.storyboard */,
				3E710D912854C5ED00283621 /* Info.plist */,
			);
			path = w3vent;
			sourceTree = "<group>";
		};
/* End PBXGroup section */

/* Begin PBXNativeTarget section */
		3E710D7F2854C5ED00283621 /* w3vent */ = {
			isa = PBXNativeTarget;
			buildConfigurationList = 3E710D942854C5ED00283621 /* Build configuration list for PBXNativeTarget "w3vent" */;
			buildPhases = (
				3E710D7C2854C5ED00283621 /* Sources */,
				3E710D7D2854C5ED00283621 /* Frameworks */,
				3E710D7E2854C5ED00283621 /* Resources */,
			);
			buildRules = (
			);
			dependencies = (
			);
			name = w3vent;
			packageProductDependencies = (
				3E710D9C2854C70000283621 /* WalletConnectSwift */,
			);
			productName = w3vent;
			productReference = 3E710D802854C5ED00283621 /* w3vent.app */;
			productType = "com.apple.product-type.application";
		};
/* End PBXNativeTarget section */

/* Begin PBXProject section */
		3E710D782854C5ED00283621 /* Project object */ = {
			isa = PBXProject;
			attributes = {
				BuildIndependentTargetsInParallel = 1;
				LastSwiftUpdateCheck = 1330;
				LastUpgradeCheck = 1330;
				TargetAttributes = {
					3E710D7F2854C5ED00283621 = {
						CreatedOnToolsVersion = 13.3.1;
					};
				};
			};
			buildConfigurationList = 3E710D7B2854C5ED00283621 /* Build configuration list for PBXProject "w3vent" */;
			compatibilityVersion = "Xcode 13.0";
			developmentRegion = en;
			hasScannedForEncodings = 0;
			knownRegions = (
				en,
				Base,
			);
			mainGroup = 3E710D772854C5ED00283621;
			packageReferences = (
				3E710D9B2854C70000283621 /* XCRemoteSwiftPackageReference "WalletConnectSwift" */,
			);
			productRefGroup = 3E710D812854C5ED00283621 /* Products */;
			projectDirPath = "";
			projectRoot = "";
			targets = (
				3E710D7F2854C5ED00283621 /* w3vent */,
			);
		};
/* End PBXProject section */

/* Begin PBXResourcesBuildPhase section */
		3E710D7E2854C5ED00283621 /* Resources */ = {
			isa = PBXResourcesBuildPhase;
			buildActionMask = 2147483647;
			files = (
				3E710D902854C5ED00283621 /* LaunchScreen.storyboard in Resources */,
				3E710D8D2854C5ED00283621 /* Assets.xcassets in Resources */,
				3E710D8B2854C5ED00283621 /* Main.storyboard in Resources */,
			);
			runOnlyForDeploymentPostprocessing = 0;
		};
/* End PBXResourcesBuildPhase section */

/* Begin PBXSourcesBuildPhase section */
		3E710D7C2854C5ED00283621 /* Sources */ = {
			isa = PBXSourcesBuildPhase;
			buildActionMask = 2147483647;
			files = (
				3E710DA12854C76000283621 /* MainViewController.swift in Sources */,
				3E710D842854C5ED00283621 /* AppDelegate.swift in Sources */,
				3E710D9A2854C68900283621 /* DetailViewController.swift in Sources */,
				3E710D982854C64B00283621 /* HandshakeViewController.swift in Sources */,
				3E710D9F2854C72F00283621 /* WalletConnect.swift in Sources */,
			);
			runOnlyForDeploymentPostprocessing = 0;
		};
/* End PBXSourcesBuildPhase section */

/* Begin PBXVariantGroup section */
		3E710D892854C5ED00283621 /* Main.storyboard */ = {
			isa = PBXVariantGroup;
			children = (
				3E710D8A2854C5ED00283621 /* Base */,
			);
			name = Main.storyboard;
			sourceTree = "<group>";
		};
		3E710D8E2854C5ED00283621 /* LaunchScreen.storyboard */ = {
			isa = PBXVariantGroup;
			children = (
				3E710D8F2854C5ED00283621 /* Base */,
			);
			name = LaunchScreen.storyboard;
			sourceTree = "<group>";
		};
/* End PBXVariantGroup section */

/* Begin XCBuildConfiguration section */
		3E710D922854C5ED00283621 /* Debug */ = {
			isa = XCBuildConfiguration;
			buildSettings = {
				ALWAYS_SEARCH_USER_PATHS = NO;
				CLANG_ANALYZER_NONNULL = YES;
				CLANG_ANALYZER_NUMBER_OBJECT_CONVERSION = YES_AGGRESSIVE;
				CLANG_CXX_LANGUAGE_STANDARD = "gnu++17";
				CLANG_ENABLE_MODULES = YES;
				CLANG_ENABLE_OBJC_ARC = YES;
				CLANG_ENABLE_OBJC_WEAK = YES;
				CLANG_WARN_BLOCK_CAPTURE_AUTORELEASING = YES;
				CLANG_WARN_BOOL_CONVERSION = YES;
				CLANG_WARN_COMMA = YES;
				CLANG_WARN_CONSTANT_CONVERSION = YES;
				CLANG_WARN_DEPRECATED_OBJC_IMPLEMENTATIONS = YES;
				CLANG_WARN_DIRECT_OBJC_ISA_USAGE = YES_ERROR;
				CLANG_WARN_DOCUMENTATION_COMMENTS = YES;
				CLANG_WARN_EMPTY_BODY = YES;
				CLANG_WARN_ENUM_CONVERSION = YES;
				CLANG_WARN_INFINITE_RECURSION = YES;
				CLANG_WARN_INT_CONVERSION = YES;
				CLANG_WARN_NON_LITERAL_NULL_CONVERSION = YES;
				CLANG_WARN_OBJC_IMPLICIT_RETAIN_SELF = YES;
				CLANG_WARN_OBJC_LITERAL_CONVERSION = YES;
				CLANG_WARN_OBJC_ROOT_CLASS = YES_ERROR;
				CLANG_WARN_QUOTED_INCLUDE_IN_FRAMEWORK_HEADER = YES;
				CLANG_WARN_RANGE_LOOP_ANALYSIS = YES;
				CLANG_WARN_STRICT_PROTOTYPES = YES;
				CLANG_WARN_SUSPICIOUS_MOVE = YES;
				CLANG_WARN_UNGUARDED_AVAILABILITY = YES_AGGRESSIVE;
				CLANG_WARN_UNREACHABLE_CODE = YES;
				CLANG_WARN__DUPLICATE_METHOD_MATCH = YES;
				COPY_PHASE_STRIP = NO;
				DEBUG_INFORMATION_FORMAT = dwarf;
				ENABLE_STRICT_OBJC_MSGSEND = YES;
				ENABLE_TESTABILITY = YES;
				GCC_C_LANGUAGE_STANDARD = gnu11;
				GCC_DYNAMIC_NO_PIC = NO;
				GCC_NO_COMMON_BLOCKS = YES;
				GCC_OPTIMIZATION_LEVEL = 0;
				GCC_PREPROCESSOR_DEFINITIONS = (
					"DEBUG=1",
					"$(inherited)",
				);
				GCC_WARN_64_TO_32_BIT_CONVERSION = YES;
				GCC_WARN_ABOUT_RETURN_TYPE = YES_ERROR;
				GCC_WARN_UNDECLARED_SELECTOR = YES;
				GCC_WARN_UNINITIALIZED_AUTOS = YES_AGGRESSIVE;
				GCC_WARN_UNUSED_FUNCTION = YES;
				GCC_WARN_UNUSED_VARIABLE = YES;
				IPHONEOS_DEPLOYMENT_TARGET = 13.1;
				MTL_ENABLE_DEBUG_INFO = INCLUDE_SOURCE;
				MTL_FAST_MATH = YES;
				ONLY_ACTIVE_ARCH = YES;
				SDKROOT = iphoneos;
				SWIFT_ACTIVE_COMPILATION_CONDITIONS = DEBUG;
				SWIFT_OPTIMIZATION_LEVEL = "-Onone";
			};
			name = Debug;
		};
		3E710D932854C5ED00283621 /* Release */ = {
			isa = XCBuildConfiguration;
			buildSettings = {
				ALWAYS_SEARCH_USER_PATHS = NO;
				CLANG_ANALYZER_NONNULL = YES;
				CLANG_ANALYZER_NUMBER_OBJECT_CONVERSION = YES_AGGRESSIVE;
				CLANG_CXX_LANGUAGE_STANDARD = "gnu++17";
				CLANG_ENABLE_MODULES = YES;
				CLANG_ENABLE_OBJC_ARC = YES;
				CLANG_ENABLE_OBJC_WEAK = YES;
				CLANG_WARN_BLOCK_CAPTURE_AUTORELEASING = YES;
				CLANG_WARN_BOOL_CONVERSION = YES;
				CLANG_WARN_COMMA = YES;
				CLANG_WARN_CONSTANT_CONVERSION = YES;
				CLANG_WARN_DEPRECATED_OBJC_IMPLEMENTATIONS = YES;
				CLANG_WARN_DIRECT_OBJC_ISA_USAGE = YES_ERROR;
				CLANG_WARN_DOCUMENTATION_COMMENTS = YES;
				CLANG_WARN_EMPTY_BODY = YES;
				CLANG_WARN_ENUM_CONVERSION = YES;
				CLANG_WARN_INFINITE_RECURSION = YES;
				CLANG_WARN_INT_CONVERSION = YES;
				CLANG_WARN_NON_LITERAL_NULL_CONVERSION = YES;
				CLANG_WARN_OBJC_IMPLICIT_RETAIN_SELF = YES;
				CLANG_WARN_OBJC_LITERAL_CONVERSION = YES;
				CLANG_WARN_OBJC_ROOT_CLASS = YES_ERROR;
				CLANG_WARN_QUOTED_INCLUDE_IN_FRAMEWORK_HEADER = YES;
				CLANG_WARN_RANGE_LOOP_ANALYSIS = YES;
				CLANG_WARN_STRICT_PROTOTYPES = YES;
				CLANG_WARN_SUSPICIOUS_MOVE = YES;
				CLANG_WARN_UNGUARDED_AVAILABILITY = YES_AGGRESSIVE;
				CLANG_WARN_UNREACHABLE_CODE = YES;
				CLANG_WARN__DUPLICATE_METHOD_MATCH = YES;
				COPY_PHASE_STRIP = NO;
				DEBUG_INFORMATION_FORMAT = "dwarf-with-dsym";
				ENABLE_NS_ASSERTIONS = NO;
				ENABLE_STRICT_OBJC_MSGSEND = YES;
				GCC_C_LANGUAGE_STANDARD = gnu11;
				GCC_NO_COMMON_BLOCKS = YES;
				GCC_WARN_64_TO_32_BIT_CONVERSION = YES;
				GCC_WARN_ABOUT_RETURN_TYPE = YES_ERROR;
				GCC_WARN_UNDECLARED_SELECTOR = YES;
				GCC_WARN_UNINITIALIZED_AUTOS = YES_AGGRESSIVE;
				GCC_WARN_UNUSED_FUNCTION = YES;
				GCC_WARN_UNUSED_VARIABLE = YES;
				IPHONEOS_DEPLOYMENT_TARGET = 13.1;
				MTL_ENABLE_DEBUG_INFO = NO;
				MTL_FAST_MATH = YES;
				SDKROOT = iphoneos;
				SWIFT_COMPILATION_MODE = wholemodule;
				SWIFT_OPTIMIZATION_LEVEL = "-O";
				VALIDATE_PRODUCT = YES;
			};
			name = Release;
		};
		3E710D952854C5ED00283621 /* Debug */ = {
			isa = XCBuildConfiguration;
			buildSettings = {
				ASSETCATALOG_COMPILER_APPICON_NAME = AppIcon;
				ASSETCATALOG_COMPILER_GLOBAL_ACCENT_COLOR_NAME = AccentColor;
				CODE_SIGN_STYLE = Automatic;
				CURRENT_PROJECT_VERSION = 1;
				DEVELOPMENT_TEAM = MPQFZ88G75;
				GENERATE_INFOPLIST_FILE = YES;
				INFOPLIST_FILE = w3vent/Info.plist;
				INFOPLIST_KEY_UIApplicationSupportsIndirectInputEvents = YES;
				INFOPLIST_KEY_UILaunchStoryboardName = LaunchScreen;
				INFOPLIST_KEY_UIMainStoryboardFile = Main;
				INFOPLIST_KEY_UISupportedInterfaceOrientations_iPad = "UIInterfaceOrientationPortrait UIInterfaceOrientationPortraitUpsideDown UIInterfaceOrientationLandscapeLeft UIInterfaceOrientationLandscapeRight";
				INFOPLIST_KEY_UISupportedInterfaceOrientations_iPhone = "UIInterfaceOrientationPortrait UIInterfaceOrientationLandscapeLeft UIInterfaceOrientationLandscapeRight";
				LD_RUNPATH_SEARCH_PATHS = (
					"$(inherited)",
					"@executable_path/Frameworks",
				);
				MARKETING_VERSION = 1.0;
				PRODUCT_BUNDLE_IDENTIFIER = com.ethprague.w3vent;
				PRODUCT_NAME = "$(TARGET_NAME)";
				SWIFT_EMIT_LOC_STRINGS = YES;
				SWIFT_VERSION = 5.0;
				TARGETED_DEVICE_FAMILY = "1,2";
			};
			name = Debug;
		};
		3E710D962854C5ED00283621 /* Release */ = {
			isa = XCBuildConfiguration;
			buildSettings = {
				ASSETCATALOG_COMPILER_APPICON_NAME = AppIcon;
				ASSETCATALOG_COMPILER_GLOBAL_ACCENT_COLOR_NAME = AccentColor;
				CODE_SIGN_STYLE = Automatic;
				CURRENT_PROJECT_VERSION = 1;
				DEVELOPMENT_TEAM = MPQFZ88G75;
				GENERATE_INFOPLIST_FILE = YES;
				INFOPLIST_FILE = w3vent/Info.plist;
				INFOPLIST_KEY_UIApplicationSupportsIndirectInputEvents = YES;
				INFOPLIST_KEY_UILaunchStoryboardName = LaunchScreen;
				INFOPLIST_KEY_UIMainStoryboardFile = Main;
				INFOPLIST_KEY_UISupportedInterfaceOrientations_iPad = "UIInterfaceOrientationPortrait UIInterfaceOrientationPortraitUpsideDown UIInterfaceOrientationLandscapeLeft UIInterfaceOrientationLandscapeRight";
				INFOPLIST_KEY_UISupportedInterfaceOrientations_iPhone = "UIInterfaceOrientationPortrait UIInterfaceOrientationLandscapeLeft UIInterfaceOrientationLandscapeRight";
				LD_RUNPATH_SEARCH_PATHS = (
					"$(inherited)",
					"@executable_path/Frameworks",
				);
				MARKETING_VERSION = 1.0;
				PRODUCT_BUNDLE_IDENTIFIER = com.ethprague.w3vent;
				PRODUCT_NAME = "$(TARGET_NAME)";
				SWIFT_EMIT_LOC_STRINGS = YES;
				SWIFT_VERSION = 5.0;
				TARGETED_DEVICE_FAMILY = "1,2";
			};
			name = Release;
		};
/* End XCBuildConfiguration section */

/* Begin XCConfigurationList section */
		3E710D7B2854C5ED00283621 /* Build configuration list for PBXProject "w3vent" */ = {
			isa = XCConfigurationList;
			buildConfigurations = (
				3E710D922854C5ED00283621 /* Debug */,
				3E710D932854C5ED00283621 /* Release */,
			);
			defaultConfigurationIsVisible = 0;
			defaultConfigurationName = Release;
		};
		3E710D942854C5ED00283621 /* Build configuration list for PBXNativeTarget "w3vent" */ = {
			isa = XCConfigurationList;
			buildConfigurations = (
				3E710D952854C5ED00283621 /* Debug */,
				3E710D962854C5ED00283621 /* Release */,
			);
			defaultConfigurationIsVisible = 0;
			defaultConfigurationName = Release;
		};
/* End XCConfigurationList section */

/* Begin XCRemoteSwiftPackageReference section */
		3E710D9B2854C70000283621 /* XCRemoteSwiftPackageReference "WalletConnectSwift" */ = {
			isa = XCRemoteSwiftPackageReference;
			repositoryURL = "https://github.com/WalletConnect/WalletConnectSwift.git";
			requirement = {
				branch = master;
				kind = branch;
			};
		};
/* End XCRemoteSwiftPackageReference section */

/* Begin XCSwiftPackageProductDependency section */
		3E710D9C2854C70000283621 /* WalletConnectSwift */ = {
			isa = XCSwiftPackageProductDependency;
			package = 3E710D9B2854C70000283621 /* XCRemoteSwiftPackageReference "WalletConnectSwift" */;
			productName = WalletConnectSwift;
		};
/* End XCSwiftPackageProductDependency section */
	};
	rootObject = 3E710D782854C5ED00283621 /* Project object */;
}
